<?xml version="1.0" encoding="utf-8"?>
<Project ToolsVersion="4.0" xmlns="http://schemas.microsoft.com/developer/msbuild/2003">
  <ItemGroup>
    <Filter Include="inc">
      <UniqueIdentifier>{862ef1a6-5424-4146-a7c8-dd8ca2cf1228}</UniqueIdentifier>
    </Filter>
    <Filter Include="src">
      <UniqueIdentifier>{be431f44-2d16-4ed8-9fe3-254008e18dab}</UniqueIdentifier>
    </Filter>
  </ItemGroup>
  <ItemGroup>
    <ClInclude Include="inc\CharacterLib.h">
      <Filter>inc</Filter>
    </ClInclude>
    <ClInclude Include="inc\GPIO.h">
      <Filter>inc</Filter>
    </ClInclude>
    <ClInclude Include="inc\LCD.h">
      <Filter>inc</Filter>
    </ClInclude>
    <ClInclude Include="inc\sys.h">
      <Filter>inc</Filter>
    </ClInclude>
  </ItemGroup>
  <ItemGroup>
    <ClCompile Include="src\GPIO.cpp">
      <Filter>src</Filter>
    </ClCompile>
    <ClCompile Include="src\LCD.cpp">
      <Filter>src</Filter>
    </ClCompile>
    <ClCompile Include="src\main.cpp">
      <Filter>src</Filter>
    </ClCompile>
    <ClCompile Include="src\sys.cpp">
      <Filter>src</Filter>
    </ClCompile>
  </ItemGroup>
</Project>